// !$*UTF8*$!
{
	archiveVersion = 1;
	classes = {
	};
	objectVersion = 50;
	objects = {

/* Begin PBXBuildFile section */
		C22127F624FDFE1A0032FFCC /* AppDelegate.swift in Sources */ = {isa = PBXBuildFile; fileRef = C22127F524FDFE1A0032FFCC /* AppDelegate.swift */; };
		C22127F824FDFE1A0032FFCC /* SceneDelegate.swift in Sources */ = {isa = PBXBuildFile; fileRef = C22127F724FDFE1A0032FFCC /* SceneDelegate.swift */; };
		C22127FA24FDFE1A0032FFCC /* EmojiBlingViewController.swift in Sources */ = {isa = PBXBuildFile; fileRef = C22127F924FDFE1A0032FFCC /* EmojiBlingViewController.swift */; };
		C22127FD24FDFE1A0032FFCC /* Main.storyboard in Resources */ = {isa = PBXBuildFile; fileRef = C22127FB24FDFE1A0032FFCC /* Main.storyboard */; };
		C22127FF24FDFE1C0032FFCC /* Assets.xcassets in Resources */ = {isa = PBXBuildFile; fileRef = C22127FE24FDFE1C0032FFCC /* Assets.xcassets */; };
		C221280224FDFE1C0032FFCC /* LaunchScreen.storyboard in Resources */ = {isa = PBXBuildFile; fileRef = C221280024FDFE1C0032FFCC /* LaunchScreen.storyboard */; };
		C221280B2500A60B0032FFCC /* EmojiNode.swift in Sources */ = {isa = PBXBuildFile; fileRef = C221280A2500A60B0032FFCC /* EmojiNode.swift */; };
		C221280D2500A6900032FFCC /* StringExtension.swift in Sources */ = {isa = PBXBuildFile; fileRef = C221280C2500A6900032FFCC /* StringExtension.swift */; };
/* End PBXBuildFile section */

/* Begin PBXFileReference section */
		C22127F224FDFE1A0032FFCC /* EmojiAR.app */ = {isa = PBXFileReference; explicitFileType = wrapper.application; includeInIndex = 0; path = EmojiAR.app; sourceTree = BUILT_PRODUCTS_DIR; };
		C22127F524FDFE1A0032FFCC /* AppDelegate.swift */ = {isa = PBXFileReference; lastKnownFileType = sourcecode.swift; path = AppDelegate.swift; sourceTree = "<group>"; };
		C22127F724FDFE1A0032FFCC /* SceneDelegate.swift */ = {isa = PBXFileReference; lastKnownFileType = sourcecode.swift; path = SceneDelegate.swift; sourceTree = "<group>"; };
		C22127F924FDFE1A0032FFCC /* EmojiBlingViewController.swift */ = {isa = PBXFileReference; lastKnownFileType = sourcecode.swift; path = EmojiBlingViewController.swift; sourceTree = "<group>"; };
		C22127FC24FDFE1A0032FFCC /* Base */ = {isa = PBXFileReference; lastKnownFileType = file.storyboard; name = Base; path = Base.lproj/Main.storyboard; sourceTree = "<group>"; };
		C22127FE24FDFE1C0032FFCC /* Assets.xcassets */ = {isa = PBXFileReference; lastKnownFileType = folder.assetcatalog; path = Assets.xcassets; sourceTree = "<group>"; };
		C221280124FDFE1C0032FFCC /* Base */ = {isa = PBXFileReference; lastKnownFileType = file.storyboard; name = Base; path = Base.lproj/LaunchScreen.storyboard; sourceTree = "<group>"; };
		C221280324FDFE1C0032FFCC /* Info.plist */ = {isa = PBXFileReference; lastKnownFileType = text.plist.xml; path = Info.plist; sourceTree = "<group>"; };
		C221280A2500A60B0032FFCC /* EmojiNode.swift */ = {isa = PBXFileReference; lastKnownFileType = sourcecode.swift; path = EmojiNode.swift; sourceTree = "<group>"; };
		C221280C2500A6900032FFCC /* StringExtension.swift */ = {isa = PBXFileReference; lastKnownFileType = sourcecode.swift; path = StringExtension.swift; sourceTree = "<group>"; };
/* End PBXFileReference section */

/* Begin PBXFrameworksBuildPhase section */
		C22127EF24FDFE1A0032FFCC /* Frameworks */ = {
			isa = PBXFrameworksBuildPhase;
			buildActionMask = 2147483647;
			files = (
			);
			runOnlyForDeploymentPostprocessing = 0;
		};
/* End PBXFrameworksBuildPhase section */

/* Begin PBXGroup section */
		C22127E924FDFE1A0032FFCC = {
			isa = PBXGroup;
			children = (
				C22127F424FDFE1A0032FFCC /* EmojiAR */,
				C22127F324FDFE1A0032FFCC /* Products */,
			);
			sourceTree = "<group>";
		};
		C22127F324FDFE1A0032FFCC /* Products */ = {
			isa = PBXGroup;
			children = (
				C22127F224FDFE1A0032FFCC /* EmojiAR.app */,
			);
			name = Products;
			sourceTree = "<group>";
		};
		C22127F424FDFE1A0032FFCC /* EmojiAR */ = {
			isa = PBXGroup;
			children = (
				C22127F524FDFE1A0032FFCC /* AppDelegate.swift */,
				C22127F924FDFE1A0032FFCC /* EmojiBlingViewController.swift */,
				C22128092500A5E60032FFCC /* Node */,
				C22127FB24FDFE1A0032FFCC /* Main.storyboard */,
				C22127F724FDFE1A0032FFCC /* SceneDelegate.swift */,
				C22127FE24FDFE1C0032FFCC /* Assets.xcassets */,
				C221280024FDFE1C0032FFCC /* LaunchScreen.storyboard */,
				C221280324FDFE1C0032FFCC /* Info.plist */,
			);
			path = EmojiAR;
			sourceTree = "<group>";
		};
		C22128092500A5E60032FFCC /* Node */ = {
			isa = PBXGroup;
			children = (
				C221280A2500A60B0032FFCC /* EmojiNode.swift */,
				C221280C2500A6900032FFCC /* StringExtension.swift */,
			);
			path = Node;
			sourceTree = "<group>";
		};
/* End PBXGroup section */

/* Begin PBXNativeTarget section */
		C22127F124FDFE1A0032FFCC /* EmojiAR */ = {
			isa = PBXNativeTarget;
			buildConfigurationList = C221280624FDFE1C0032FFCC /* Build configuration list for PBXNativeTarget "EmojiAR" */;
			buildPhases = (
				C22127EE24FDFE1A0032FFCC /* Sources */,
				C22127EF24FDFE1A0032FFCC /* Frameworks */,
				C22127F024FDFE1A0032FFCC /* Resources */,
			);
			buildRules = (
			);
			dependencies = (
			);
			name = EmojiAR;
			productName = EmojiAR;
			productReference = C22127F224FDFE1A0032FFCC /* EmojiAR.app */;
			productType = "com.apple.product-type.application";
		};
/* End PBXNativeTarget section */

/* Begin PBXProject section */
		C22127EA24FDFE1A0032FFCC /* Project object */ = {
			isa = PBXProject;
			attributes = {
				LastSwiftUpdateCheck = 1160;
				LastUpgradeCheck = 1160;
				ORGANIZATIONNAME = "Kelvin Aoe";
				TargetAttributes = {
					C22127F124FDFE1A0032FFCC = {
						CreatedOnToolsVersion = 11.6;
					};
				};
			};
			buildConfigurationList = C22127ED24FDFE1A0032FFCC /* Build configuration list for PBXProject "EmojiAR" */;
			compatibilityVersion = "Xcode 9.3";
			developmentRegion = en;
			hasScannedForEncodings = 0;
			knownRegions = (
				en,
				Base,
			);
			mainGroup = C22127E924FDFE1A0032FFCC;
			productRefGroup = C22127F324FDFE1A0032FFCC /* Products */;
			projectDirPath = "";
			projectRoot = "";
			targets = (
				C22127F124FDFE1A0032FFCC /* EmojiAR */,
			);
		};
/* End PBXProject section */

/* Begin PBXResourcesBuildPhase section */
		C22127F024FDFE1A0032FFCC /* Resources */ = {
			isa = PBXResourcesBuildPhase;
			buildActionMask = 2147483647;
			files = (
				C221280224FDFE1C0032FFCC /* LaunchScreen.storyboard in Resources */,
				C22127FF24FDFE1C0032FFCC /* Assets.xcassets in Resources */,
				C22127FD24FDFE1A0032FFCC /* Main.storyboard in Resources */,
			);
			runOnlyForDeploymentPostprocessing = 0;
		};
/* End PBXResourcesBuildPhase section */

/* Begin PBXSourcesBuildPhase section */
		C22127EE24FDFE1A0032FFCC /* Sources */ = {
			isa = PBXSourcesBuildPhase;
			buildActionMask = 2147483647;
			files = (
				C221280B2500A60B0032FFCC /* EmojiNode.swift in Sources */,
				C22127FA24FDFE1A0032FFCC /* EmojiBlingViewController.swift in Sources */,
				C221280D2500A6900032FFCC /* StringExtension.swift in Sources */,
				C22127F624FDFE1A0032FFCC /* AppDelegate.swift in Sources */,
				C22127F824FDFE1A0032FFCC /* SceneDelegate.swift in Sources */,
			);
			runOnlyForDeploymentPostprocessing = 0;
		};
/* End PBXSourcesBuildPhase section */

/* Begin PBXVariantGroup section */
		C22127FB24FDFE1A0032FFCC /* Main.storyboard */ = {
			isa = PBXVariantGroup;
			children = (
				C22127FC24FDFE1A0032FFCC /* Base */,
			);
			name = Main.storyboard;
			sourceTree = "<group>";
		};
		C221280024FDFE1C0032FFCC /* LaunchScreen.storyboard */ = {
			isa = PBXVariantGroup;
			children = (
				C221280124FDFE1C0032FFCC /* Base */,
			);
			name = LaunchScreen.storyboard;
			sourceTree = "<group>";
		};
/* End PBXVariantGroup section */

/* Begin XCBuildConfiguration section */
		C221280424FDFE1C0032FFCC /* Debug */ = {
			isa = XCBuildConfiguration;
			buildSettings = {
				ALWAYS_SEARCH_USER_PATHS = NO;
				CLANG_ANALYZER_NONNULL = YES;
				CLANG_ANALYZER_NUMBER_OBJECT_CONVERSION = YES_AGGRESSIVE;
				CLANG_CXX_LANGUAGE_STANDARD = "gnu++14";
				CLANG_CXX_LIBRARY = "libc++";
				CLANG_ENABLE_MODULES = YES;
				CLANG_ENABLE_OBJC_ARC = YES;
				CLANG_ENABLE_OBJC_WEAK = YES;
				CLANG_WARN_BLOCK_CAPTURE_AUTORELEASING = YES;
				CLANG_WARN_BOOL_CONVERSION = YES;
				CLANG_WARN_COMMA = YES;
				CLANG_WARN_CONSTANT_CONVERSION = YES;
				CLANG_WARN_DEPRECATED_OBJC_IMPLEMENTATIONS = YES;
				CLANG_WARN_DIRECT_OBJC_ISA_USAGE = YES_ERROR;
				CLANG_WARN_DOCUMENTATION_COMMENTS = YES;
				CLANG_WARN_EMPTY_BODY = YES;
				CLANG_WARN_ENUM_CONVERSION = YES;
				CLANG_WARN_INFINITE_RECURSION = YES;
				CLANG_WARN_INT_CONVERSION = YES;
				CLANG_WARN_NON_LITERAL_NULL_CONVERSION = YES;
				CLANG_WARN_OBJC_IMPLICIT_RETAIN_SELF = YES;
				CLANG_WARN_OBJC_LITERAL_CONVERSION = YES;
				CLANG_WARN_OBJC_ROOT_CLASS = YES_ERROR;
				CLANG_WARN_RANGE_LOOP_ANALYSIS = YES;
				CLANG_WARN_STRICT_PROTOTYPES = YES;
				CLANG_WARN_SUSPICIOUS_MOVE = YES;
				CLANG_WARN_UNGUARDED_AVAILABILITY = YES_AGGRESSIVE;
				CLANG_WARN_UNREACHABLE_CODE = YES;
				CLANG_WARN__DUPLICATE_METHOD_MATCH = YES;
				COPY_PHASE_STRIP = NO;
				DEBUG_INFORMATION_FORMAT = dwarf;
				ENABLE_STRICT_OBJC_MSGSEND = YES;
				ENABLE_TESTABILITY = YES;
				GCC_C_LANGUAGE_STANDARD = gnu11;
				GCC_DYNAMIC_NO_PIC = NO;
				GCC_NO_COMMON_BLOCKS = YES;
				GCC_OPTIMIZATION_LEVEL = 0;
				GCC_PREPROCESSOR_DEFINITIONS = (
					"DEBUG=1",
					"$(inherited)",
				);
				GCC_WARN_64_TO_32_BIT_CONVERSION = YES;
				GCC_WARN_ABOUT_RETURN_TYPE = YES_ERROR;
				GCC_WARN_UNDECLARED_SELECTOR = YES;
				GCC_WARN_UNINITIALIZED_AUTOS = YES_AGGRESSIVE;
				GCC_WARN_UNUSED_FUNCTION = YES;
				GCC_WARN_UNUSED_VARIABLE = YES;
				IPHONEOS_DEPLOYMENT_TARGET = 13.6;
				MTL_ENABLE_DEBUG_INFO = INCLUDE_SOURCE;
				MTL_FAST_MATH = YES;
				ONLY_ACTIVE_ARCH = YES;
				SDKROOT = iphoneos;
				SWIFT_ACTIVE_COMPILATION_CONDITIONS = DEBUG;
				SWIFT_OPTIMIZATION_LEVEL = "-Onone";
			};
			name = Debug;
		};
		C221280524FDFE1C0032FFCC /* Release */ = {
			isa = XCBuildConfiguration;
			buildSettings = {
				ALWAYS_SEARCH_USER_PATHS = NO;
				CLANG_ANALYZER_NONNULL = YES;
				CLANG_ANALYZER_NUMBER_OBJECT_CONVERSION = YES_AGGRESSIVE;
				CLANG_CXX_LANGUAGE_STANDARD = "gnu++14";
				CLANG_CXX_LIBRARY = "libc++";
				CLANG_ENABLE_MODULES = YES;
				CLANG_ENABLE_OBJC_ARC = YES;
				CLANG_ENABLE_OBJC_WEAK = YES;
				CLANG_WARN_BLOCK_CAPTURE_AUTORELEASING = YES;
				CLANG_WARN_BOOL_CONVERSION = YES;
				CLANG_WARN_COMMA = YES;
				CLANG_WARN_CONSTANT_CONVERSION = YES;
				CLANG_WARN_DEPRECATED_OBJC_IMPLEMENTATIONS = YES;
				CLANG_WARN_DIRECT_OBJC_ISA_USAGE = YES_ERROR;
				CLANG_WARN_DOCUMENTATION_COMMENTS = YES;
				CLANG_WARN_EMPTY_BODY = YES;
				CLANG_WARN_ENUM_CONVERSION = YES;
				CLANG_WARN_INFINITE_RECURSION = YES;
				CLANG_WARN_INT_CONVERSION = YES;
				CLANG_WARN_NON_LITERAL_NULL_CONVERSION = YES;
				CLANG_WARN_OBJC_IMPLICIT_RETAIN_SELF = YES;
				CLANG_WARN_OBJC_LITERAL_CONVERSION = YES;
				CLANG_WARN_OBJC_ROOT_CLASS = YES_ERROR;
				CLANG_WARN_RANGE_LOOP_ANALYSIS = YES;
				CLANG_WARN_STRICT_PROTOTYPES = YES;
				CLANG_WARN_SUSPICIOUS_MOVE = YES;
				CLANG_WARN_UNGUARDED_AVAILABILITY = YES_AGGRESSIVE;
				CLANG_WARN_UNREACHABLE_CODE = YES;
				CLANG_WARN__DUPLICATE_METHOD_MATCH = YES;
				COPY_PHASE_STRIP = NO;
				DEBUG_INFORMATION_FORMAT = "dwarf-with-dsym";
				ENABLE_NS_ASSERTIONS = NO;
				ENABLE_STRICT_OBJC_MSGSEND = YES;
				GCC_C_LANGUAGE_STANDARD = gnu11;
				GCC_NO_COMMON_BLOCKS = YES;
				GCC_WARN_64_TO_32_BIT_CONVERSION = YES;
				GCC_WARN_ABOUT_RETURN_TYPE = YES_ERROR;
				GCC_WARN_UNDECLARED_SELECTOR = YES;
				GCC_WARN_UNINITIALIZED_AUTOS = YES_AGGRESSIVE;
				GCC_WARN_UNUSED_FUNCTION = YES;
				GCC_WARN_UNUSED_VARIABLE = YES;
				IPHONEOS_DEPLOYMENT_TARGET = 13.6;
				MTL_ENABLE_DEBUG_INFO = NO;
				MTL_FAST_MATH = YES;
				SDKROOT = iphoneos;
				SWIFT_COMPILATION_MODE = wholemodule;
				SWIFT_OPTIMIZATION_LEVEL = "-O";
				VALIDATE_PRODUCT = YES;
			};
			name = Release;
		};
		C221280724FDFE1C0032FFCC /* Debug */ = {
			isa = XCBuildConfiguration;
			buildSettings = {
				ASSETCATALOG_COMPILER_APPICON_NAME = AppIcon;
				CODE_SIGN_STYLE = Automatic;
				DEVELOPMENT_TEAM = NJMMAN66X2;
				INFOPLIST_FILE = EmojiAR/Info.plist;
				LD_RUNPATH_SEARCH_PATHS = (
					"$(inherited)",
					"@executable_path/Frameworks",
				);
				PRODUCT_BUNDLE_IDENTIFIER = www.infinitelerning.id.EmojiAR;
				PRODUCT_NAME = "$(TARGET_NAME)";
				SWIFT_VERSION = 5.0;
				TARGETED_DEVICE_FAMILY = "1,2";
			};
			name = Debug;
		};
		C221280824FDFE1C0032FFCC /* Release */ = {
			isa = XCBuildConfiguration;
			buildSettings = {
				ASSETCATALOG_COMPILER_APPICON_NAME = AppIcon;
				CODE_SIGN_STYLE = Automatic;
				DEVELOPMENT_TEAM = NJMMAN66X2;
				INFOPLIST_FILE = EmojiAR/Info.plist;
				LD_RUNPATH_SEARCH_PATHS = (
					"$(inherited)",
					"@executable_path/Frameworks",
				);
				PRODUCT_BUNDLE_IDENTIFIER = www.infinitelerning.id.EmojiAR;
				PRODUCT_NAME = "$(TARGET_NAME)";
				SWIFT_VERSION = 5.0;
				TARGETED_DEVICE_FAMILY = "1,2";
			};
			name = Release;
		};
/* End XCBuildConfiguration section */

/* Begin XCConfigurationList section */
		C22127ED24FDFE1A0032FFCC /* Build configuration list for PBXProject "EmojiAR" */ = {
			isa = XCConfigurationList;
			buildConfigurations = (
				C221280424FDFE1C0032FFCC /* Debug */,
				C221280524FDFE1C0032FFCC /* Release */,
			);
			defaultConfigurationIsVisible = 0;
			defaultConfigurationName = Release;
		};
		C221280624FDFE1C0032FFCC /* Build configuration list for PBXNativeTarget "EmojiAR" */ = {
			isa = XCConfigurationList;
			buildConfigurations = (
				C221280724FDFE1C0032FFCC /* Debug */,
				C221280824FDFE1C0032FFCC /* Release */,
			);
			defaultConfigurationIsVisible = 0;
			defaultConfigurationName = Release;
		};
/* End XCConfigurationList section */
	};
	rootObject = C22127EA24FDFE1A0032FFCC /* Project object */;
}
